{
  "requires": true,
  "lockfileVersion": 1,
  "dependencies": {
    "axios": {
      "version": "0.19.2",
      "resolved": "https://registry.npmjs.org/axios/-/axios-0.19.2.tgz",
      "integrity": "sha512-fjgm5MvRHLhx+osE2xoekY70AhARk3a6hkN+3Io1jc00jtquGvxYlKlsFUhmUET0V5te6CcZI7lcv2Ym61mjHA==",
      "requires": {
        "follow-redirects": "1.5.10"
      }
    },
    "debug": {
      "version": "3.1.0",
      "resolved": "https://registry.npmjs.org/debug/-/debug-3.1.0.tgz",
      "integrity": "sha512-OX8XqP7/1a9cqkxYw2yXss15f26NKWBpDXQd0/uK/KPqdQhxbPa994hnzjcE2VqQpDslf55723cKPUOGSmMY3g==",
      "requires": {
        "ms": "2.0.0"
      }
    },
    "follow-redirects": {
      "version": "1.5.10",
      "resolved": "https://registry.npmjs.org/follow-redirects/-/follow-redirects-1.5.10.tgz",
      "integrity": "sha512-0V5l4Cizzvqt5D44aTXbFZz+FtyXV1vrDN6qrelxtfYQKW0KO0W2T/hkE8xvGa/540LkZlkaUjO4ailYTFtHVQ==",
      "requires": {
        "debug": "=3.1.0"
      }
    },
    "lottie-vuejs": {
      "version": "0.4.0",
      "resolved": "https://registry.npmjs.org/lottie-vuejs/-/lottie-vuejs-0.4.0.tgz",
      "integrity": "sha512-0gmUq/RGbu6EptrUEBKlr+o4YV1vuWs6wcjNcnPODz9Rrrgn664xY/QaGzJHCL6GU/Oab2oJ7MDxs4HqCY9ryA==",
      "requires": {
        "axios": "^0.19.0",
        "lottie-web": "^5.1.9"
      }
    },
    "lottie-web": {
      "version": "5.7.11",
      "resolved": "https://registry.npmjs.org/lottie-web/-/lottie-web-5.7.11.tgz",
      "integrity": "sha512-Jvz3PQqwrDj1rXGqfeQtipH/WNtM/Y4l8t8NIQXe1xUI0nVooH2bTYJGef0UkdBcWUx1s3miKsRhyP196g9tvQ=="
    },
    "ms": {
      "version": "2.0.0",
      "resolved": "https://registry.npmjs.org/ms/-/ms-2.0.0.tgz",
      "integrity": "sha1-VgiurfwAvmwpAd9fmGF4jeDVl8g="
    },
    "vue": {
      "version": "2.6.14",
      "resolved": "https://registry.npmjs.org/vue/-/vue-2.6.14.tgz",
      "integrity": "sha512-x2284lgYvjOMj3Za7kqzRcUSxBboHqtgRE2zlos1qWaOye5yUmHn42LB1250NJBLRwEcdrB0JRwyPTEPhfQjiQ=="
    }
  }
}
